
Microsoft Visual Studio Solution File, Format Version 12.00
# Visual Studio Version 16
VisualStudioVersion = 16.0.30225.117
MinimumVisualStudioVersion = 10.0.40219.1
Project("{FAE04EC0-301F-11D3-BF4B-00C04F79EFBC}") = "Conversor de Moeda", "Conversor de Moeda\Conversor de Moeda.csproj", "{DC831873-ADCD-4E0B-97BF-945CE7E7D23E}"
EndProject
Global
	GlobalSection(SolutionConfigurationPlatforms) = preSolution
		Debug|Any CPU = Debug|Any CPU
		Release|Any CPU = Release|Any CPU
	EndGlobalSection
	GlobalSection(ProjectConfigurationPlatforms) = postSolution
		{DC831873-ADCD-4E0B-97BF-945CE7E7D23E}.Debug|Any CPU.ActiveCfg = Debug|Any CPU
		{DC831873-ADCD-4E0B-97BF-945CE7E7D23E}.Debug|Any CPU.Build.0 = Debug|Any CPU
		{DC831873-ADCD-4E0B-97BF-945CE7E7D23E}.Release|Any CPU.ActiveCfg = Release|Any CPU
		{DC831873-ADCD-4E0B-97BF-945CE7E7D23E}.Release|Any CPU.Build.0 = Release|Any CPU
	EndGlobalSection
	GlobalSection(SolutionProperties) = preSolution
		HideSolutionNode = FALSE
	EndGlobalSection
	GlobalSection(ExtensibilityGlobals) = postSolution
		SolutionGuid = {FD9774EF-532B-4F72-B811-96EECE75A153}
	EndGlobalSection
EndGlobal
